
Microsoft Visual Studio Solution File, Format Version 12.00
# Visual Studio Version 17
VisualStudioVersion = 17.0.31903.59
MinimumVisualStudioVersion = 10.0.40219.1
Project("{FAE04EC0-301F-11D3-BF4B-00C04F79EFBC}") = "DayOne", "DayOne\DayOne.csproj", "{6E205289-9C91-4289-8A16-2C6EAC67347F}"
EndProject
Project("{FAE04EC0-301F-11D3-BF4B-00C04F79EFBC}") = "DayTwo", "DayTwo\DayTwo.csproj", "{8A716F94-3FC9-4339-BF3B-3C4EE8AD11BA}"
EndProject
Global
	GlobalSection(SolutionConfigurationPlatforms) = preSolution
		Debug|Any CPU = Debug|Any CPU
		Release|Any CPU = Release|Any CPU
	EndGlobalSection
	GlobalSection(SolutionProperties) = preSolution
		HideSolutionNode = FALSE
	EndGlobalSection
	GlobalSection(ProjectConfigurationPlatforms) = postSolution
		{6E205289-9C91-4289-8A16-2C6EAC67347F}.Debug|Any CPU.ActiveCfg = Debug|Any CPU
		{6E205289-9C91-4289-8A16-2C6EAC67347F}.Debug|Any CPU.Build.0 = Debug|Any CPU
		{6E205289-9C91-4289-8A16-2C6EAC67347F}.Release|Any CPU.ActiveCfg = Release|Any CPU
		{6E205289-9C91-4289-8A16-2C6EAC67347F}.Release|Any CPU.Build.0 = Release|Any CPU
		{8A716F94-3FC9-4339-BF3B-3C4EE8AD11BA}.Debug|Any CPU.ActiveCfg = Debug|Any CPU
		{8A716F94-3FC9-4339-BF3B-3C4EE8AD11BA}.Debug|Any CPU.Build.0 = Debug|Any CPU
		{8A716F94-3FC9-4339-BF3B-3C4EE8AD11BA}.Release|Any CPU.ActiveCfg = Release|Any CPU
		{8A716F94-3FC9-4339-BF3B-3C4EE8AD11BA}.Release|Any CPU.Build.0 = Release|Any CPU
	EndGlobalSection
EndGlobal
