
Microsoft Visual Studio Solution File, Format Version 12.00
# Visual Studio Version 17
VisualStudioVersion = 17.0.31903.59
MinimumVisualStudioVersion = 10.0.40219.1
Project("{FAE04EC0-301F-11D3-BF4B-00C04F79EFBC}") = "Day01", "Day01\Day01.csproj", "{6E205289-9C91-4289-8A16-2C6EAC67347F}"
EndProject
Project("{FAE04EC0-301F-11D3-BF4B-00C04F79EFBC}") = "Day02", "Day02\Day02.csproj", "{8A716F94-3FC9-4339-BF3B-3C4EE8AD11BA}"
EndProject
Project("{FAE04EC0-301F-11D3-BF4B-00C04F79EFBC}") = "Day03", "Day03\Day03.csproj", "{B4C059DD-9C1D-4659-A994-D4A1777CD619}"
EndProject
Project("{FAE04EC0-301F-11D3-BF4B-00C04F79EFBC}") = "Common", "Common\Common.csproj", "{4B13B3ED-61C8-4F88-AE47-3E441B06ACCE}"
EndProject
Project("{FAE04EC0-301F-11D3-BF4B-00C04F79EFBC}") = "Day04", "Day04\Day04.csproj", "{7D22D013-188D-4A27-B397-992179D13EE5}"
EndProject
Project("{FAE04EC0-301F-11D3-BF4B-00C04F79EFBC}") = "Day05", "Day05\Day05.csproj", "{1C829C24-7E0D-41E9-B3E2-7B4648E14B85}"
EndProject
Project("{FAE04EC0-301F-11D3-BF4B-00C04F79EFBC}") = "Day06", "Day06\Day06.csproj", "{C8384271-C9BB-41AD-9459-8052FBE5062E}"
EndProject
Project("{FAE04EC0-301F-11D3-BF4B-00C04F79EFBC}") = "Day07", "Day07\Day07.csproj", "{C4FE50B3-4165-4C2A-B793-E365EF863733}"
EndProject
Project("{FAE04EC0-301F-11D3-BF4B-00C04F79EFBC}") = "Day08", "Day08\Day08.csproj", "{3CA3B816-760A-4F2D-85C7-20632A258B99}"
EndProject
Project("{FAE04EC0-301F-11D3-BF4B-00C04F79EFBC}") = "Day09", "Day09\Day09.csproj", "{3F3B6C87-BC18-45FD-BCCA-DD3E50FBB0B4}"
EndProject
Project("{FAE04EC0-301F-11D3-BF4B-00C04F79EFBC}") = "Day10", "Day10\Day10.csproj", "{F2C7B460-B593-41C9-8183-3CD3B767D27D}"
EndProject
Project("{FAE04EC0-301F-11D3-BF4B-00C04F79EFBC}") = "Day11", "Day11\Day11.csproj", "{FC727E32-CDF6-454A-8A73-BCDA109E4CD5}"
EndProject
Project("{FAE04EC0-301F-11D3-BF4B-00C04F79EFBC}") = "Day12", "Day12\Day12.csproj", "{81DDEEAD-80AA-4D64-A406-B2695EF9F0E4}"
EndProject
Project("{FAE04EC0-301F-11D3-BF4B-00C04F79EFBC}") = "Day14", "Day14\Day14.csproj", "{E1C76AF5-E778-44C2-AABD-4EAB4A2AECE7}"
EndProject
Project("{FAE04EC0-301F-11D3-BF4B-00C04F79EFBC}") = "Day13", "Day13\Day13.csproj", "{DB6487B1-E45B-4C8E-BF50-C381BCF30BA3}"
EndProject
Project("{FAE04EC0-301F-11D3-BF4B-00C04F79EFBC}") = "Day15", "Day15\Day15.csproj", "{F408AB58-20BA-40D8-AB83-2F0F24333A7B}"
EndProject
Project("{FAE04EC0-301F-11D3-BF4B-00C04F79EFBC}") = "Day16", "Day16\Day16.csproj", "{88DA6DC9-7224-4B14-9BE2-D19A447755AB}"
EndProject
Project("{FAE04EC0-301F-11D3-BF4B-00C04F79EFBC}") = "Day17", "Day17\Day17.csproj", "{6C8DB56E-BB56-457F-B913-36CADDEA837D}"
EndProject
Global
	GlobalSection(SolutionConfigurationPlatforms) = preSolution
		Debug|Any CPU = Debug|Any CPU
		Release|Any CPU = Release|Any CPU
	EndGlobalSection
	GlobalSection(SolutionProperties) = preSolution
		HideSolutionNode = FALSE
	EndGlobalSection
	GlobalSection(ProjectConfigurationPlatforms) = postSolution
		{6E205289-9C91-4289-8A16-2C6EAC67347F}.Debug|Any CPU.ActiveCfg = Debug|Any CPU
		{6E205289-9C91-4289-8A16-2C6EAC67347F}.Debug|Any CPU.Build.0 = Debug|Any CPU
		{6E205289-9C91-4289-8A16-2C6EAC67347F}.Release|Any CPU.ActiveCfg = Release|Any CPU
		{6E205289-9C91-4289-8A16-2C6EAC67347F}.Release|Any CPU.Build.0 = Release|Any CPU
		{8A716F94-3FC9-4339-BF3B-3C4EE8AD11BA}.Debug|Any CPU.ActiveCfg = Debug|Any CPU
		{8A716F94-3FC9-4339-BF3B-3C4EE8AD11BA}.Debug|Any CPU.Build.0 = Debug|Any CPU
		{8A716F94-3FC9-4339-BF3B-3C4EE8AD11BA}.Release|Any CPU.ActiveCfg = Release|Any CPU
		{8A716F94-3FC9-4339-BF3B-3C4EE8AD11BA}.Release|Any CPU.Build.0 = Release|Any CPU
		{B4C059DD-9C1D-4659-A994-D4A1777CD619}.Debug|Any CPU.ActiveCfg = Debug|Any CPU
		{B4C059DD-9C1D-4659-A994-D4A1777CD619}.Debug|Any CPU.Build.0 = Debug|Any CPU
		{B4C059DD-9C1D-4659-A994-D4A1777CD619}.Release|Any CPU.ActiveCfg = Release|Any CPU
		{B4C059DD-9C1D-4659-A994-D4A1777CD619}.Release|Any CPU.Build.0 = Release|Any CPU
		{4B13B3ED-61C8-4F88-AE47-3E441B06ACCE}.Debug|Any CPU.ActiveCfg = Debug|Any CPU
		{4B13B3ED-61C8-4F88-AE47-3E441B06ACCE}.Debug|Any CPU.Build.0 = Debug|Any CPU
		{4B13B3ED-61C8-4F88-AE47-3E441B06ACCE}.Release|Any CPU.ActiveCfg = Release|Any CPU
		{4B13B3ED-61C8-4F88-AE47-3E441B06ACCE}.Release|Any CPU.Build.0 = Release|Any CPU
		{7D22D013-188D-4A27-B397-992179D13EE5}.Debug|Any CPU.ActiveCfg = Debug|Any CPU
		{7D22D013-188D-4A27-B397-992179D13EE5}.Debug|Any CPU.Build.0 = Debug|Any CPU
		{7D22D013-188D-4A27-B397-992179D13EE5}.Release|Any CPU.ActiveCfg = Release|Any CPU
		{7D22D013-188D-4A27-B397-992179D13EE5}.Release|Any CPU.Build.0 = Release|Any CPU
		{1C829C24-7E0D-41E9-B3E2-7B4648E14B85}.Debug|Any CPU.ActiveCfg = Debug|Any CPU
		{1C829C24-7E0D-41E9-B3E2-7B4648E14B85}.Debug|Any CPU.Build.0 = Debug|Any CPU
		{1C829C24-7E0D-41E9-B3E2-7B4648E14B85}.Release|Any CPU.ActiveCfg = Release|Any CPU
		{1C829C24-7E0D-41E9-B3E2-7B4648E14B85}.Release|Any CPU.Build.0 = Release|Any CPU
		{C8384271-C9BB-41AD-9459-8052FBE5062E}.Debug|Any CPU.ActiveCfg = Debug|Any CPU
		{C8384271-C9BB-41AD-9459-8052FBE5062E}.Debug|Any CPU.Build.0 = Debug|Any CPU
		{C8384271-C9BB-41AD-9459-8052FBE5062E}.Release|Any CPU.ActiveCfg = Release|Any CPU
		{C8384271-C9BB-41AD-9459-8052FBE5062E}.Release|Any CPU.Build.0 = Release|Any CPU
		{C4FE50B3-4165-4C2A-B793-E365EF863733}.Debug|Any CPU.ActiveCfg = Debug|Any CPU
		{C4FE50B3-4165-4C2A-B793-E365EF863733}.Debug|Any CPU.Build.0 = Debug|Any CPU
		{C4FE50B3-4165-4C2A-B793-E365EF863733}.Release|Any CPU.ActiveCfg = Release|Any CPU
		{C4FE50B3-4165-4C2A-B793-E365EF863733}.Release|Any CPU.Build.0 = Release|Any CPU
		{3CA3B816-760A-4F2D-85C7-20632A258B99}.Debug|Any CPU.ActiveCfg = Debug|Any CPU
		{3CA3B816-760A-4F2D-85C7-20632A258B99}.Debug|Any CPU.Build.0 = Debug|Any CPU
		{3CA3B816-760A-4F2D-85C7-20632A258B99}.Release|Any CPU.ActiveCfg = Release|Any CPU
		{3CA3B816-760A-4F2D-85C7-20632A258B99}.Release|Any CPU.Build.0 = Release|Any CPU
		{3F3B6C87-BC18-45FD-BCCA-DD3E50FBB0B4}.Debug|Any CPU.ActiveCfg = Debug|Any CPU
		{3F3B6C87-BC18-45FD-BCCA-DD3E50FBB0B4}.Debug|Any CPU.Build.0 = Debug|Any CPU
		{3F3B6C87-BC18-45FD-BCCA-DD3E50FBB0B4}.Release|Any CPU.ActiveCfg = Release|Any CPU
		{3F3B6C87-BC18-45FD-BCCA-DD3E50FBB0B4}.Release|Any CPU.Build.0 = Release|Any CPU
		{F2C7B460-B593-41C9-8183-3CD3B767D27D}.Debug|Any CPU.ActiveCfg = Debug|Any CPU
		{F2C7B460-B593-41C9-8183-3CD3B767D27D}.Debug|Any CPU.Build.0 = Debug|Any CPU
		{F2C7B460-B593-41C9-8183-3CD3B767D27D}.Release|Any CPU.ActiveCfg = Release|Any CPU
		{F2C7B460-B593-41C9-8183-3CD3B767D27D}.Release|Any CPU.Build.0 = Release|Any CPU
		{FC727E32-CDF6-454A-8A73-BCDA109E4CD5}.Debug|Any CPU.ActiveCfg = Debug|Any CPU
		{FC727E32-CDF6-454A-8A73-BCDA109E4CD5}.Debug|Any CPU.Build.0 = Debug|Any CPU
		{FC727E32-CDF6-454A-8A73-BCDA109E4CD5}.Release|Any CPU.ActiveCfg = Release|Any CPU
		{FC727E32-CDF6-454A-8A73-BCDA109E4CD5}.Release|Any CPU.Build.0 = Release|Any CPU
		{81DDEEAD-80AA-4D64-A406-B2695EF9F0E4}.Debug|Any CPU.ActiveCfg = Debug|Any CPU
		{81DDEEAD-80AA-4D64-A406-B2695EF9F0E4}.Debug|Any CPU.Build.0 = Debug|Any CPU
		{81DDEEAD-80AA-4D64-A406-B2695EF9F0E4}.Release|Any CPU.ActiveCfg = Release|Any CPU
		{81DDEEAD-80AA-4D64-A406-B2695EF9F0E4}.Release|Any CPU.Build.0 = Release|Any CPU
		{E1C76AF5-E778-44C2-AABD-4EAB4A2AECE7}.Debug|Any CPU.ActiveCfg = Debug|Any CPU
		{E1C76AF5-E778-44C2-AABD-4EAB4A2AECE7}.Debug|Any CPU.Build.0 = Debug|Any CPU
		{E1C76AF5-E778-44C2-AABD-4EAB4A2AECE7}.Release|Any CPU.ActiveCfg = Release|Any CPU
		{E1C76AF5-E778-44C2-AABD-4EAB4A2AECE7}.Release|Any CPU.Build.0 = Release|Any CPU
		{DB6487B1-E45B-4C8E-BF50-C381BCF30BA3}.Debug|Any CPU.ActiveCfg = Debug|Any CPU
		{DB6487B1-E45B-4C8E-BF50-C381BCF30BA3}.Debug|Any CPU.Build.0 = Debug|Any CPU
		{DB6487B1-E45B-4C8E-BF50-C381BCF30BA3}.Release|Any CPU.ActiveCfg = Release|Any CPU
		{DB6487B1-E45B-4C8E-BF50-C381BCF30BA3}.Release|Any CPU.Build.0 = Release|Any CPU
		{F408AB58-20BA-40D8-AB83-2F0F24333A7B}.Debug|Any CPU.ActiveCfg = Debug|Any CPU
		{F408AB58-20BA-40D8-AB83-2F0F24333A7B}.Debug|Any CPU.Build.0 = Debug|Any CPU
		{F408AB58-20BA-40D8-AB83-2F0F24333A7B}.Release|Any CPU.ActiveCfg = Release|Any CPU
		{F408AB58-20BA-40D8-AB83-2F0F24333A7B}.Release|Any CPU.Build.0 = Release|Any CPU
		{88DA6DC9-7224-4B14-9BE2-D19A447755AB}.Debug|Any CPU.ActiveCfg = Debug|Any CPU
		{88DA6DC9-7224-4B14-9BE2-D19A447755AB}.Debug|Any CPU.Build.0 = Debug|Any CPU
		{88DA6DC9-7224-4B14-9BE2-D19A447755AB}.Release|Any CPU.ActiveCfg = Release|Any CPU
		{88DA6DC9-7224-4B14-9BE2-D19A447755AB}.Release|Any CPU.Build.0 = Release|Any CPU
		{6C8DB56E-BB56-457F-B913-36CADDEA837D}.Debug|Any CPU.ActiveCfg = Debug|Any CPU
		{6C8DB56E-BB56-457F-B913-36CADDEA837D}.Debug|Any CPU.Build.0 = Debug|Any CPU
		{6C8DB56E-BB56-457F-B913-36CADDEA837D}.Release|Any CPU.ActiveCfg = Release|Any CPU
		{6C8DB56E-BB56-457F-B913-36CADDEA837D}.Release|Any CPU.Build.0 = Release|Any CPU
	EndGlobalSection
EndGlobal
